
Microsoft Visual Studio Solution File, Format Version 12.00
# Visual Studio Version 16
VisualStudioVersion = 16.0.33328.57
MinimumVisualStudioVersion = 10.0.40219.1
Project("{FAE04EC0-301F-11D3-BF4B-00C04F79EFBC}") = "Clyodrogen", "Clyodrogen\Clyodrogen.csproj", "{ACED03FA-B769-4E08-AF8C-B2188CC356A9}"
EndProject
Global
	GlobalSection(SolutionConfigurationPlatforms) = preSolution
		Debug|Any CPU = Debug|Any CPU
		Release|Any CPU = Release|Any CPU
	EndGlobalSection
	GlobalSection(ProjectConfigurationPlatforms) = postSolution
		{ACED03FA-B769-4E08-AF8C-B2188CC356A9}.Debug|Any CPU.ActiveCfg = Debug|Any CPU
		{ACED03FA-B769-4E08-AF8C-B2188CC356A9}.Debug|Any CPU.Build.0 = Debug|Any CPU
		{ACED03FA-B769-4E08-AF8C-B2188CC356A9}.Release|Any CPU.ActiveCfg = Release|Any CPU
		{ACED03FA-B769-4E08-AF8C-B2188CC356A9}.Release|Any CPU.Build.0 = Release|Any CPU
	EndGlobalSection
	GlobalSection(SolutionProperties) = preSolution
		HideSolutionNode = FALSE
	EndGlobalSection
	GlobalSection(ExtensibilityGlobals) = postSolution
		SolutionGuid = {BA205A36-3E9F-441C-94AB-C5D4B2164AD5}
	EndGlobalSection
EndGlobal
